
Microsoft Visual Studio Solution File, Format Version 12.00
# Visual Studio Version 17
VisualStudioVersion = 17.13.35828.75 d17.13
MinimumVisualStudioVersion = 10.0.40219.1
Project("{FAE04EC0-301F-11D3-BF4B-00C04F79EFBC}") = "sayiyi_bilme_oyunu", "sayiyi_bilme_oyunu.csproj", "{CC9C21F2-445F-465C-9A82-EC2BA321FEAF}"
EndProject
Global
	GlobalSection(SolutionConfigurationPlatforms) = preSolution
		Debug|Any CPU = Debug|Any CPU
		Release|Any CPU = Release|Any CPU
	EndGlobalSection
	GlobalSection(ProjectConfigurationPlatforms) = postSolution
		{CC9C21F2-445F-465C-9A82-EC2BA321FEAF}.Debug|Any CPU.ActiveCfg = Debug|Any CPU
		{CC9C21F2-445F-465C-9A82-EC2BA321FEAF}.Debug|Any CPU.Build.0 = Debug|Any CPU
		{CC9C21F2-445F-465C-9A82-EC2BA321FEAF}.Release|Any CPU.ActiveCfg = Release|Any CPU
		{CC9C21F2-445F-465C-9A82-EC2BA321FEAF}.Release|Any CPU.Build.0 = Release|Any CPU
	EndGlobalSection
	GlobalSection(SolutionProperties) = preSolution
		HideSolutionNode = FALSE
	EndGlobalSection
	GlobalSection(ExtensibilityGlobals) = postSolution
		SolutionGuid = {0EC95C9C-B002-4670-AFD7-0F550011241B}
	EndGlobalSection
EndGlobal
